# THIS IS AN AUTOGENERATED FILE. DO NOT EDIT THIS FILE DIRECTLY.
# yarn lockfile v1


"@calcit/procs@^0.5.16":
  version "0.5.16"
  resolved "https://registry.yarnpkg.com/@calcit/procs/-/procs-0.5.16.tgz#78c704207e493ebfdfa908dfeabbbe7f70a54efb"
  integrity sha512-XmVUmYtxL4RP0Rj11NMhBNRVl7iN7kaXCdhZwZXEUkTCvqrOuh7ndwMDPTeo9yedgr/dTz7Xg2UWEvmpKhcVzQ==
  dependencies:
    "@calcit/ternary-tree" "0.0.18"
    "@cirru/parser.ts" "^0.0.5"
    "@cirru/writer.ts" "^0.1.3"

"@calcit/ternary-tree@0.0.18":
  version "0.0.18"
  resolved "https://registry.yarnpkg.com/@calcit/ternary-tree/-/ternary-tree-0.0.18.tgz#28f88999313c16fa40303ff4d2f792f5fa8bc6aa"
  integrity sha512-7HHrEar5v9OfqgrMGgvb/GXmmmHyG5qsyitKfTY+XIKvWvv3x/EpE0+Sl4/5jldd+qWotTw7BvIkX6UtCb1Vmg==

"@cirru/parser.ts@^0.0.5":
  version "0.0.5"
  resolved "https://registry.yarnpkg.com/@cirru/parser.ts/-/parser.ts-0.0.5.tgz#12325a69561b95e219e049790c53d5479dc2c1e5"
  integrity sha512-jmucRW6fQX+HhFZKeN37TDO8ejBxgxLDX9RvU7WKSDM/7peGtfyu9+b6G8NMi4a8wqpDACTvnzbgZId7Xi5bHw==

"@cirru/writer.ts@^0.1.3":
  version "0.1.3"
  resolved "https://registry.yarnpkg.com/@cirru/writer.ts/-/writer.ts-0.1.3.tgz#5f54bdecaa20ba3dab16cbe6da711854138a9c0a"
  integrity sha512-vJnhmhm7we5UfQIwmZfQpF3bAFbVybzT6LbmkbQHxgijaQg3gPfNVsnSIa3g3KpmWVtvkzEx+nUy5aMwsJiV1A==

esbuild-android-arm64@0.13.15:
  version "0.13.15"
  resolved "https://registry.yarnpkg.com/esbuild-android-arm64/-/esbuild-android-arm64-0.13.15.tgz#3fc3ff0bab76fe35dd237476b5d2b32bb20a3d44"
  integrity sha512-m602nft/XXeO8YQPUDVoHfjyRVPdPgjyyXOxZ44MK/agewFFkPa8tUo6lAzSWh5Ui5PB4KR9UIFTSBKh/RrCmg==

esbuild-android-arm64@0.14.16:
  version "0.14.16"
  resolved "https://registry.yarnpkg.com/esbuild-android-arm64/-/esbuild-android-arm64-0.14.16.tgz#75dceceffd05fd8127e3590298bf057e04d20602"
  integrity sha512-9qRiUXiV0qIa4Dfv+GLKsk/HHOq3U9qh8yZK9iX0awlzLPFb38NJrNTGtb/TeI6AyyZqsGgwLm/JeJ1UtEN9Aw==

esbuild-darwin-64@0.13.15:
  version "0.13.15"
  resolved "https://registry.yarnpkg.com/esbuild-darwin-64/-/esbuild-darwin-64-0.13.15.tgz#8e9169c16baf444eacec60d09b24d11b255a8e72"
  integrity sha512-ihOQRGs2yyp7t5bArCwnvn2Atr6X4axqPpEdCFPVp7iUj4cVSdisgvEKdNR7yH3JDjW6aQDw40iQFoTqejqxvQ==

esbuild-darwin-64@0.14.16:
  version "0.14.16"
  resolved "https://registry.yarnpkg.com/esbuild-darwin-64/-/esbuild-darwin-64-0.14.16.tgz#75966d579e3b5d2ec3ef932055022bc2aa2ffcda"
  integrity sha512-1Xa86DpTJFRffA7go0pqUdC0ggxxGxjsrnrvA2nHBVHNf9Ix/cgGuPfxZwf3fRZxDDAT2RdqF5SRZzLYvUCtZQ==

esbuild-darwin-arm64@0.13.15:
  version "0.13.15"
  resolved "https://registry.yarnpkg.com/esbuild-darwin-arm64/-/esbuild-darwin-arm64-0.13.15.tgz#1b07f893b632114f805e188ddfca41b2b778229a"
  integrity sha512-i1FZssTVxUqNlJ6cBTj5YQj4imWy3m49RZRnHhLpefFIh0To05ow9DTrXROTE1urGTQCloFUXTX8QfGJy1P8dQ==

esbuild-darwin-arm64@0.14.16:
  version "0.14.16"
  resolved "https://registry.yarnpkg.com/esbuild-darwin-arm64/-/esbuild-darwin-arm64-0.14.16.tgz#99be1261815ad2bccbd8d63e9a58ae3239365bb6"
  integrity sha512-a0Tp0tec/s5hYT6OiJ2zvfH/6IfXFCH406yqFfXe5u8Nfo6l6IG33L7nqCYCEPnBLF7oYfZk6Re0VDwpgK18kQ==

esbuild-freebsd-64@0.13.15:
  version "0.13.15"
  resolved "https://registry.yarnpkg.com/esbuild-freebsd-64/-/esbuild-freebsd-64-0.13.15.tgz#0b8b7eca1690c8ec94c75680c38c07269c1f4a85"
  integrity sha512-G3dLBXUI6lC6Z09/x+WtXBXbOYQZ0E8TDBqvn7aMaOCzryJs8LyVXKY4CPnHFXZAbSwkCbqiPuSQ1+HhrNk7EA==

esbuild-freebsd-64@0.14.16:
  version "0.14.16"
  resolved "https://registry.yarnpkg.com/esbuild-freebsd-64/-/esbuild-freebsd-64-0.14.16.tgz#ac7377802b362a73857907781d54633d5b61344a"
  integrity sha512-FqEdOphRS5kJ8MFqQ21Y0yducmwcFHmpkceLkup1kpsGChr3PGO7DfzXmF5fECNnMxRpk/jgk7e6nV4zXTau/A==

esbuild-freebsd-arm64@0.13.15:
  version "0.13.15"
  resolved "https://registry.yarnpkg.com/esbuild-freebsd-arm64/-/esbuild-freebsd-arm64-0.13.15.tgz#2e1a6c696bfdcd20a99578b76350b41db1934e52"
  integrity sha512-KJx0fzEDf1uhNOZQStV4ujg30WlnwqUASaGSFPhznLM/bbheu9HhqZ6mJJZM32lkyfGJikw0jg7v3S0oAvtvQQ==

esbuild-freebsd-arm64@0.14.16:
  version "0.14.16"
  resolved "https://registry.yarnpkg.com/esbuild-freebsd-arm64/-/esbuild-freebsd-arm64-0.14.16.tgz#e99c43e5079e4744447882beb01769b2bb0e7d2f"
  integrity sha512-4Au4zR0//Df1v6FuWJEMZFRzaF69FvxHgSmKjikq7x6Ect+h4TbJKkblC3eDrfTA8L6l5bB1vhh0dbKq4zBy5Q==

esbuild-linux-32@0.13.15:
  version "0.13.15"
  resolved "https://registry.yarnpkg.com/esbuild-linux-32/-/esbuild-linux-32-0.13.15.tgz#6fd39f36fc66dd45b6b5f515728c7bbebc342a69"
  integrity sha512-ZvTBPk0YWCLMCXiFmD5EUtB30zIPvC5Itxz0mdTu/xZBbbHJftQgLWY49wEPSn2T/TxahYCRDWun5smRa0Tu+g==

esbuild-linux-32@0.14.16:
  version "0.14.16"
  resolved "https://registry.yarnpkg.com/esbuild-linux-32/-/esbuild-linux-32-0.14.16.tgz#0d346977f00a93459c31e180d25fb6d36ba21aa8"
  integrity sha512-HundAiQCa0ut7PXq3lmRZY7H3/OYh27wkJ97S7jjCgWmcd5To6Bs8UBVB7I4Qi9lNk/Yty0INnqq9on1WR8JUA==

esbuild-linux-64@0.13.15:
  version "0.13.15"
  resolved "https://registry.yarnpkg.com/esbuild-linux-64/-/esbuild-linux-64-0.13.15.tgz#9cb8e4bcd7574e67946e4ee5f1f1e12386bb6dd3"
  integrity sha512-eCKzkNSLywNeQTRBxJRQ0jxRCl2YWdMB3+PkWFo2BBQYC5mISLIVIjThNtn6HUNqua1pnvgP5xX0nHbZbPj5oA==

esbuild-linux-64@0.14.16:
  version "0.14.16"
  resolved "https://registry.yarnpkg.com/esbuild-linux-64/-/esbuild-linux-64-0.14.16.tgz#2c1f2222fa888397530ef625930f74b13c116f7c"
  integrity sha512-fG8MgVmQknIuYCHFOq+9iKLyygjPun+VkNH9ZIdRQrSzb3CFdEkNm+Suq5w8W+WjA/P0OIdrQ/mXXCoHCQTWSQ==

esbuild-linux-arm64@0.13.15:
  version "0.13.15"
  resolved "https://registry.yarnpkg.com/esbuild-linux-arm64/-/esbuild-linux-arm64-0.13.15.tgz#3891aa3704ec579a1b92d2a586122e5b6a2bfba1"
  integrity sha512-bYpuUlN6qYU9slzr/ltyLTR9YTBS7qUDymO8SV7kjeNext61OdmqFAzuVZom+OLW1HPHseBfJ/JfdSlx8oTUoA==

esbuild-linux-arm64@0.14.16:
  version "0.14.16"
  resolved "https://registry.yarnpkg.com/esbuild-linux-arm64/-/esbuild-linux-arm64-0.14.16.tgz#666bf0853184684021f8f5c1781f1e898a35a5b0"
  integrity sha512-7WF1rHsPVXhme2B6ceZZABxFwCiZfMRIJO7yRiLahIdDkwfhSTR6M0a6OwO/NsLJH9fax5GdwBOIBoG5Hkz4gA==

esbuild-linux-arm@0.13.15:
  version "0.13.15"
  resolved "https://registry.yarnpkg.com/esbuild-linux-arm/-/esbuild-linux-arm-0.13.15.tgz#8a00e99e6a0c6c9a6b7f334841364d8a2b4aecfe"
  integrity sha512-wUHttDi/ol0tD8ZgUMDH8Ef7IbDX+/UsWJOXaAyTdkT7Yy9ZBqPg8bgB/Dn3CZ9SBpNieozrPRHm0BGww7W/jA==

esbuild-linux-arm@0.14.16:
  version "0.14.16"
  resolved "https://registry.yarnpkg.com/esbuild-linux-arm/-/esbuild-linux-arm-0.14.16.tgz#460ff025676544988ff3b4c2ca265f0bcd203baf"
  integrity sha512-0NDVeuvWska0d4Rd8R3+lWEyKaIbAxDuRAeeU6a2xaUXrTG2IPhGNLWc4NbVMbnkGqRqKB4PLdk/YaTUZjKFHQ==

esbuild-linux-mips64le@0.13.15:
  version "0.13.15"
  resolved "https://registry.yarnpkg.com/esbuild-linux-mips64le/-/esbuild-linux-mips64le-0.13.15.tgz#36b07cc47c3d21e48db3bb1f4d9ef8f46aead4f7"
  integrity sha512-KlVjIG828uFPyJkO/8gKwy9RbXhCEUeFsCGOJBepUlpa7G8/SeZgncUEz/tOOUJTcWMTmFMtdd3GElGyAtbSWg==

esbuild-linux-mips64le@0.14.16:
  version "0.14.16"
  resolved "https://registry.yarnpkg.com/esbuild-linux-mips64le/-/esbuild-linux-mips64le-0.14.16.tgz#9ae987cbc24a87a0a9ca2a3e9feec0789727460f"
  integrity sha512-RLNaTRdcQ81QckeIjbk1hCrgmrL6VoZBsYT8ak9ObNQzXEJNMlxOBixaF6rhW8UUYRpTpFuoYHeNya8xY884/A==

esbuild-linux-ppc64le@0.13.15:
  version "0.13.15"
  resolved "https://registry.yarnpkg.com/esbuild-linux-ppc64le/-/esbuild-linux-ppc64le-0.13.15.tgz#f7e6bba40b9a11eb9dcae5b01550ea04670edad2"
  integrity sha512-h6gYF+OsaqEuBjeesTBtUPw0bmiDu7eAeuc2OEH9S6mV9/jPhPdhOWzdeshb0BskRZxPhxPOjqZ+/OqLcxQwEQ==

esbuild-linux-ppc64le@0.14.16:
  version "0.14.16"
  resolved "https://registry.yarnpkg.com/esbuild-linux-ppc64le/-/esbuild-linux-ppc64le-0.14.16.tgz#8eb7c77aa4cdca994ad6b89f6024ae2317d3bb98"
  integrity sha512-ky0Ii2Jmyc00FzGT2audU0UmnBVrVevYmKW10DXLPcHGhbhzJdFRemXLvvzhDM8WD9IMJK3uV6ifJzkKrv8IQA==

esbuild-linux-s390x@0.14.16:
  version "0.14.16"
  resolved "https://registry.yarnpkg.com/esbuild-linux-s390x/-/esbuild-linux-s390x-0.14.16.tgz#248de950b82064931872d8bad84560187da1efab"
  integrity sha512-DuW9MPGJAzUUBPI/olMkMMepCasTbPN1Xr2cKZZEEDIibcdRnuFrMYVk3G3I8/Qb6SZBNTSnZMAyhvYFrwAkqw==

esbuild-netbsd-64@0.13.15:
  version "0.13.15"
  resolved "https://registry.yarnpkg.com/esbuild-netbsd-64/-/esbuild-netbsd-64-0.13.15.tgz#a2fedc549c2b629d580a732d840712b08d440038"
  integrity sha512-3+yE9emwoevLMyvu+iR3rsa+Xwhie7ZEHMGDQ6dkqP/ndFzRHkobHUKTe+NCApSqG5ce2z4rFu+NX/UHnxlh3w==

esbuild-netbsd-64@0.14.16:
  version "0.14.16"
  resolved "https://registry.yarnpkg.com/esbuild-netbsd-64/-/esbuild-netbsd-64-0.14.16.tgz#330e546b55fb3665618a594dae6222faecc08ec4"
  integrity sha512-l8+mnz8iVsV0iL5v5JCuP0UTv2LwO1ORdJ/scMkGUl8WrC6cBmUrrHhg+pwREqjbD8TxjfUJVM1Vvt5E8SaTsg==

esbuild-openbsd-64@0.13.15:
  version "0.13.15"
  resolved "https://registry.yarnpkg.com/esbuild-openbsd-64/-/esbuild-openbsd-64-0.13.15.tgz#b22c0e5806d3a1fbf0325872037f885306b05cd7"
  integrity sha512-wTfvtwYJYAFL1fSs8yHIdf5GEE4NkbtbXtjLWjM3Cw8mmQKqsg8kTiqJ9NJQe5NX/5Qlo7Xd9r1yKMMkHllp5g==

esbuild-openbsd-64@0.14.16:
  version "0.14.16"
  resolved "https://registry.yarnpkg.com/esbuild-openbsd-64/-/esbuild-openbsd-64-0.14.16.tgz#cca41262619dfd6c2b7ea4f128b14ac02d79028d"
  integrity sha512-8SbZNAV902FmcGnc+j86HWY8PyTD1H7T39RsPXXS5IC1psi3yzFr2d8NoOxb6cQd5XUVHmHT1naJsbtEAyKIPA==

esbuild-sunos-64@0.13.15:
  version "0.13.15"
  resolved "https://registry.yarnpkg.com/esbuild-sunos-64/-/esbuild-sunos-64-0.13.15.tgz#d0b6454a88375ee8d3964daeff55c85c91c7cef4"
  integrity sha512-lbivT9Bx3t1iWWrSnGyBP9ODriEvWDRiweAs69vI+miJoeKwHWOComSRukttbuzjZ8r1q0mQJ8Z7yUsDJ3hKdw==

esbuild-sunos-64@0.14.16:
  version "0.14.16"
  resolved "https://registry.yarnpkg.com/esbuild-sunos-64/-/esbuild-sunos-64-0.14.16.tgz#bb03853049171e6441a0fcc06f3ce04a693f86ba"
  integrity sha512-pMhe4uOaGjA/5YgeNoB0PRZi1V73D8sx876uFzuAxaZcYzLA5BsSbQeEccH182X6cBybE4Pm79kYedTSGOfwog==

esbuild-windows-32@0.13.15:
  version "0.13.15"
  resolved "https://registry.yarnpkg.com/esbuild-windows-32/-/esbuild-windows-32-0.13.15.tgz#c96d0b9bbb52f3303322582ef8e4847c5ad375a7"
  integrity sha512-fDMEf2g3SsJ599MBr50cY5ve5lP1wyVwTe6aLJsM01KtxyKkB4UT+fc5MXQFn3RLrAIAZOG+tHC+yXObpSn7Nw==

esbuild-windows-32@0.14.16:
  version "0.14.16"
  resolved "https://registry.yarnpkg.com/esbuild-windows-32/-/esbuild-windows-32-0.14.16.tgz#ee5bbf56a857afc0196a1b02ef047ec3747eb646"
  integrity sha512-M68/EFCgji0DI+DgULx2ytUUSxwwODJDpiVc0YsiWKdyB4umKTu1GGxFfdZhXrWtPxB4aZFoIgJyDhsFxnHC4g==

esbuild-windows-64@0.13.15:
  version "0.13.15"
  resolved "https://registry.yarnpkg.com/esbuild-windows-64/-/esbuild-windows-64-0.13.15.tgz#1f79cb9b1e1bb02fb25cd414cb90d4ea2892c294"
  integrity sha512-9aMsPRGDWCd3bGjUIKG/ZOJPKsiztlxl/Q3C1XDswO6eNX/Jtwu4M+jb6YDH9hRSUflQWX0XKAfWzgy5Wk54JQ==

esbuild-windows-64@0.14.16:
  version "0.14.16"
  resolved "https://registry.yarnpkg.com/esbuild-windows-64/-/esbuild-windows-64-0.14.16.tgz#9c030666fe881805677cc154090f491c71bac011"
  integrity sha512-rmSal1Co749CXSNyFJ62J5Fz/nZiFWhwMfYN9SwZazutKZ6s0QDRIhnupa93bJmzMzz4C2dqUV/VL1tqOI3y9g==

esbuild-windows-arm64@0.13.15:
  version "0.13.15"
  resolved "https://registry.yarnpkg.com/esbuild-windows-arm64/-/esbuild-windows-arm64-0.13.15.tgz#482173070810df22a752c686509c370c3be3b3c3"
  integrity sha512-zzvyCVVpbwQQATaf3IG8mu1IwGEiDxKkYUdA4FpoCHi1KtPa13jeScYDjlW0Qh+ebWzpKfR2ZwvqAQkSWNcKjA==

esbuild-windows-arm64@0.14.16:
  version "0.14.16"
  resolved "https://registry.yarnpkg.com/esbuild-windows-arm64/-/esbuild-windows-arm64-0.14.16.tgz#98f97821148f5b74de7b427109dee106b5350221"
  integrity sha512-VMfEf+MDgO+rulAuSeu3HNebSHa1TDn0lJp+QRk7E2WVg9OCSwuXUEkSbqIbkif3ZjASy7h9sTCGyHcqgKQTrg==

esbuild@^0.13.12:
  version "0.13.15"
  resolved "https://registry.yarnpkg.com/esbuild/-/esbuild-0.13.15.tgz#db56a88166ee373f87dbb2d8798ff449e0450cdf"
  integrity sha512-raCxt02HBKv8RJxE8vkTSCXGIyKHdEdGfUmiYb8wnabnaEmHzyW7DCHb5tEN0xU8ryqg5xw54mcwnYkC4x3AIw==
  optionalDependencies:
    esbuild-android-arm64 "0.13.15"
    esbuild-darwin-64 "0.13.15"
    esbuild-darwin-arm64 "0.13.15"
    esbuild-freebsd-64 "0.13.15"
    esbuild-freebsd-arm64 "0.13.15"
    esbuild-linux-32 "0.13.15"
    esbuild-linux-64 "0.13.15"
    esbuild-linux-arm "0.13.15"
    esbuild-linux-arm64 "0.13.15"
    esbuild-linux-mips64le "0.13.15"
    esbuild-linux-ppc64le "0.13.15"
    esbuild-netbsd-64 "0.13.15"
    esbuild-openbsd-64 "0.13.15"
    esbuild-sunos-64 "0.13.15"
    esbuild-windows-32 "0.13.15"
    esbuild-windows-64 "0.13.15"
    esbuild-windows-arm64 "0.13.15"

esbuild@^0.14.16:
  version "0.14.16"
  resolved "https://registry.yarnpkg.com/esbuild/-/esbuild-0.14.16.tgz#cfe5c35a6bacd7390b2a53a997cd6028eaa468d3"
  integrity sha512-niiWy7nesZFGCiDr0NR9/JLEhtZPYHG/ABYTqveNWvocw/gGI5rKHOj3+5yUv3yH10/geTlZiyVaNvjJWL9Xbw==
  optionalDependencies:
    esbuild-android-arm64 "0.14.16"
    esbuild-darwin-64 "0.14.16"
    esbuild-darwin-arm64 "0.14.16"
    esbuild-freebsd-64 "0.14.16"
    esbuild-freebsd-arm64 "0.14.16"
    esbuild-linux-32 "0.14.16"
    esbuild-linux-64 "0.14.16"
    esbuild-linux-arm "0.14.16"
    esbuild-linux-arm64 "0.14.16"
    esbuild-linux-mips64le "0.14.16"
    esbuild-linux-ppc64le "0.14.16"
    esbuild-linux-s390x "0.14.16"
    esbuild-netbsd-64 "0.14.16"
    esbuild-openbsd-64 "0.14.16"
    esbuild-sunos-64 "0.14.16"
    esbuild-windows-32 "0.14.16"
    esbuild-windows-64 "0.14.16"
    esbuild-windows-arm64 "0.14.16"

fsevents@~2.3.2:
  version "2.3.2"
  resolved "https://registry.yarnpkg.com/fsevents/-/fsevents-2.3.2.tgz#8a526f78b8fdf4623b709e0b975c52c24c02fd1a"
  integrity sha512-xiqMQR4xAeHTuB9uWm+fFRcIOgKBMiOBP+eXiyT7jsgVCq1bkVygt00oASowB7EdtpOHaaPgKt812P9ab+DDKA==

function-bind@^1.1.1:
  version "1.1.1"
  resolved "https://registry.yarnpkg.com/function-bind/-/function-bind-1.1.1.tgz#a56899d3ea3c9bab874bb9773b7c5ede92f4895d"
  integrity sha512-yIovAzMX49sF8Yl58fSCWJ5svSLuaibPxXQJFLmBObTuCr0Mf1KiPopGM9NiFjiYBCbfaa2Fh6breQ6ANVTI0A==

has@^1.0.3:
  version "1.0.3"
  resolved "https://registry.yarnpkg.com/has/-/has-1.0.3.tgz#722d7cbfc1f6aa8241f16dd814e011e1f41e8796"
  integrity sha512-f2dvO0VU6Oej7RkWJGrehjbzMAjFp5/VKPp5tTpWIV4JHHZK1/BxbFRtf/siA2SWTe09caDmVtYYzWEIbBS4zw==
  dependencies:
    function-bind "^1.1.1"

is-core-module@^2.8.1:
  version "2.8.1"
  resolved "https://registry.yarnpkg.com/is-core-module/-/is-core-module-2.8.1.tgz#f59fdfca701d5879d0a6b100a40aa1560ce27211"
  integrity sha512-SdNCUs284hr40hFTFP6l0IfZ/RSrMXF3qgoRHd3/79unUTvrFO/JoXwkGm+5J/Oe3E/b5GsnG330uUNgRpu1PA==
  dependencies:
    has "^1.0.3"

nanoid@^3.1.30:
  version "3.2.0"
  resolved "https://registry.yarnpkg.com/nanoid/-/nanoid-3.2.0.tgz#62667522da6673971cca916a6d3eff3f415ff80c"
  integrity sha512-fmsZYa9lpn69Ad5eDn7FMcnnSR+8R34W9qJEijxYhTbfOWzr22n1QxCMzXLK+ODyW2973V3Fux959iQoUxzUIA==

path-parse@^1.0.7:
  version "1.0.7"
  resolved "https://registry.yarnpkg.com/path-parse/-/path-parse-1.0.7.tgz#fbc114b60ca42b30d9daf5858e4bd68bbedb6735"
  integrity sha512-LDJzPVEEEPR+y48z93A0Ed0yXb8pAByGWo/k5YYdYgpY2/2EsOsksJrq7lOHxryrVOn1ejG6oAp8ahvOIQD8sw==

picocolors@^1.0.0:
  version "1.0.0"
  resolved "https://registry.yarnpkg.com/picocolors/-/picocolors-1.0.0.tgz#cb5bdc74ff3f51892236eaf79d68bc44564ab81c"
  integrity sha512-1fygroTLlHu66zi26VoTDv8yRgm0Fccecssto+MhsZ0D/DGW2sm8E8AjW7NU5VVTRt5GxbeZ5qBuJr+HyLYkjQ==

postcss@^8.4.5:
  version "8.4.5"
  resolved "https://registry.yarnpkg.com/postcss/-/postcss-8.4.5.tgz#bae665764dfd4c6fcc24dc0fdf7e7aa00cc77f95"
  integrity sha512-jBDboWM8qpaqwkMwItqTQTiFikhs/67OYVvblFFTM7MrZjt6yMKd6r2kgXizEbTTljacm4NldIlZnhbjr84QYg==
  dependencies:
    nanoid "^3.1.30"
    picocolors "^1.0.0"
    source-map-js "^1.0.1"

resolve@^1.20.0:
  version "1.22.0"
  resolved "https://registry.yarnpkg.com/resolve/-/resolve-1.22.0.tgz#5e0b8c67c15df57a89bdbabe603a002f21731198"
  integrity sha512-Hhtrw0nLeSrFQ7phPp4OOcVjLPIeMnRlr5mcnVuMe7M/7eBn98A3hmFRLoFo3DLZkivSYwhRUJTyPyWAk56WLw==
  dependencies:
    is-core-module "^2.8.1"
    path-parse "^1.0.7"
    supports-preserve-symlinks-flag "^1.0.0"

rollup@^2.59.0:
  version "2.66.1"
  resolved "https://registry.yarnpkg.com/rollup/-/rollup-2.66.1.tgz#366b0404de353c4331d538c3ad2963934fcb4937"
  integrity sha512-crSgLhSkLMnKr4s9iZ/1qJCplgAgrRY+igWv8KhG/AjKOJ0YX/WpmANyn8oxrw+zenF3BXWDLa7Xl/QZISH+7w==
  optionalDependencies:
    fsevents "~2.3.2"

source-map-js@^1.0.1:
  version "1.0.2"
  resolved "https://registry.yarnpkg.com/source-map-js/-/source-map-js-1.0.2.tgz#adbc361d9c62df380125e7f161f71c826f1e490c"
  integrity sha512-R0XvVJ9WusLiqTCEiGCmICCMplcCkIwwR11mOSD9CR5u+IXYdiseeEuXCVAjS54zqwkLcPNnmU4OeJ6tUrWhDw==

supports-preserve-symlinks-flag@^1.0.0:
  version "1.0.0"
  resolved "https://registry.yarnpkg.com/supports-preserve-symlinks-flag/-/supports-preserve-symlinks-flag-1.0.0.tgz#6eda4bd344a3c94aea376d4cc31bc77311039e09"
  integrity sha512-ot0WnXS9fgdkgIcePe6RHNk1WA8+muPa6cSjeR3V8K27q9BB1rTE3R1p7Hv0z1ZyAc8s6Vvv8DIyWf681MAt0w==

vite@^2.7.13:
  version "2.7.13"
  resolved "https://registry.yarnpkg.com/vite/-/vite-2.7.13.tgz#99b56e27dfb1e4399e407cf94648f5c7fb9d77f5"
  integrity sha512-Mq8et7f3aK0SgSxjDNfOAimZGW9XryfHRa/uV0jseQSilg+KhYDSoNb9h1rknOy6SuMkvNDLKCYAYYUMCE+IgQ==
  dependencies:
    esbuild "^0.13.12"
    postcss "^8.4.5"
    resolve "^1.20.0"
    rollup "^2.59.0"
  optionalDependencies:
    fsevents "~2.3.2"
